lockfileVersion: '9.0'

settings:
  autoInstallPeers: true
  excludeLinksFromLockfile: false

importers:

  .:
    dependencies:
      commander:
        specifier: ^12.1.0
        version: 12.1.0
      jimp:
        specifier: ^1.1.2
        version: 1.1.2
    devDependencies:
      '@types/node':
        specifier: ^22.4.1
        version: 22.4.1
      tsx:
        specifier: ^4.17.0
        version: 4.17.0
      typescript:
        specifier: ^5.5.4
        version: 5.5.4

packages:

  '@esbuild/aix-ppc64@0.23.0':
    resolution: {integrity: sha512-3sG8Zwa5fMcA9bgqB8AfWPQ+HFke6uD3h1s3RIwUNK8EG7a4buxvuFTs3j1IMs2NXAk9F30C/FF4vxRgQCcmoQ==}
    engines: {node: '>=18'}
    cpu: [ppc64]
    os: [aix]

  '@esbuild/android-arm64@0.23.0':
    resolution: {integrity: sha512-EuHFUYkAVfU4qBdyivULuu03FhJO4IJN9PGuABGrFy4vUuzk91P2d+npxHcFdpUnfYKy0PuV+n6bKIpHOB3prQ==}
    engines: {node: '>=18'}
    cpu: [arm64]
    os: [android]

  '@esbuild/android-arm@0.23.0':
    resolution: {integrity: sha512-+KuOHTKKyIKgEEqKbGTK8W7mPp+hKinbMBeEnNzjJGyFcWsfrXjSTNluJHCY1RqhxFurdD8uNXQDei7qDlR6+g==}
    engines: {node: '>=18'}
    cpu: [arm]
    os: [android]

  '@esbuild/android-x64@0.23.0':
    resolution: {integrity: sha512-WRrmKidLoKDl56LsbBMhzTTBxrsVwTKdNbKDalbEZr0tcsBgCLbEtoNthOW6PX942YiYq8HzEnb4yWQMLQuipQ==}
    engines: {node: '>=18'}
    cpu: [x64]
    os: [android]

  '@esbuild/darwin-arm64@0.23.0':
    resolution: {integrity: sha512-YLntie/IdS31H54Ogdn+v50NuoWF5BDkEUFpiOChVa9UnKpftgwzZRrI4J132ETIi+D8n6xh9IviFV3eXdxfow==}
    engines: {node: '>=18'}
    cpu: [arm64]
    os: [darwin]

  '@esbuild/darwin-x64@0.23.0':
    resolution: {integrity: sha512-IMQ6eme4AfznElesHUPDZ+teuGwoRmVuuixu7sv92ZkdQcPbsNHzutd+rAfaBKo8YK3IrBEi9SLLKWJdEvJniQ==}
    engines: {node: '>=18'}
    cpu: [x64]
    os: [darwin]

  '@esbuild/freebsd-arm64@0.23.0':
    resolution: {integrity: sha512-0muYWCng5vqaxobq6LB3YNtevDFSAZGlgtLoAc81PjUfiFz36n4KMpwhtAd4he8ToSI3TGyuhyx5xmiWNYZFyw==}
    engines: {node: '>=18'}
    cpu: [arm64]
    os: [freebsd]

  '@esbuild/freebsd-x64@0.23.0':
    resolution: {integrity: sha512-XKDVu8IsD0/q3foBzsXGt/KjD/yTKBCIwOHE1XwiXmrRwrX6Hbnd5Eqn/WvDekddK21tfszBSrE/WMaZh+1buQ==}
    engines: {node: '>=18'}
    cpu: [x64]
    os: [freebsd]

  '@esbuild/linux-arm64@0.23.0':
    resolution: {integrity: sha512-j1t5iG8jE7BhonbsEg5d9qOYcVZv/Rv6tghaXM/Ug9xahM0nX/H2gfu6X6z11QRTMT6+aywOMA8TDkhPo8aCGw==}
    engines: {node: '>=18'}
    cpu: [arm64]
    os: [linux]

  '@esbuild/linux-arm@0.23.0':
    resolution: {integrity: sha512-SEELSTEtOFu5LPykzA395Mc+54RMg1EUgXP+iw2SJ72+ooMwVsgfuwXo5Fn0wXNgWZsTVHwY2cg4Vi/bOD88qw==}
    engines: {node: '>=18'}
    cpu: [arm]
    os: [linux]

  '@esbuild/linux-ia32@0.23.0':
    resolution: {integrity: sha512-P7O5Tkh2NbgIm2R6x1zGJJsnacDzTFcRWZyTTMgFdVit6E98LTxO+v8LCCLWRvPrjdzXHx9FEOA8oAZPyApWUA==}
    engines: {node: '>=18'}
    cpu: [ia32]
    os: [linux]

  '@esbuild/linux-loong64@0.23.0':
    resolution: {integrity: sha512-InQwepswq6urikQiIC/kkx412fqUZudBO4SYKu0N+tGhXRWUqAx+Q+341tFV6QdBifpjYgUndV1hhMq3WeJi7A==}
    engines: {node: '>=18'}
    cpu: [loong64]
    os: [linux]

  '@esbuild/linux-mips64el@0.23.0':
    resolution: {integrity: sha512-J9rflLtqdYrxHv2FqXE2i1ELgNjT+JFURt/uDMoPQLcjWQA5wDKgQA4t/dTqGa88ZVECKaD0TctwsUfHbVoi4w==}
    engines: {node: '>=18'}
    cpu: [mips64el]
    os: [linux]

  '@esbuild/linux-ppc64@0.23.0':
    resolution: {integrity: sha512-cShCXtEOVc5GxU0fM+dsFD10qZ5UpcQ8AM22bYj0u/yaAykWnqXJDpd77ublcX6vdDsWLuweeuSNZk4yUxZwtw==}
    engines: {node: '>=18'}
    cpu: [ppc64]
    os: [linux]

  '@esbuild/linux-riscv64@0.23.0':
    resolution: {integrity: sha512-HEtaN7Y5UB4tZPeQmgz/UhzoEyYftbMXrBCUjINGjh3uil+rB/QzzpMshz3cNUxqXN7Vr93zzVtpIDL99t9aRw==}
    engines: {node: '>=18'}
    cpu: [riscv64]
    os: [linux]

  '@esbuild/linux-s390x@0.23.0':
    resolution: {integrity: sha512-WDi3+NVAuyjg/Wxi+o5KPqRbZY0QhI9TjrEEm+8dmpY9Xir8+HE/HNx2JoLckhKbFopW0RdO2D72w8trZOV+Wg==}
    engines: {node: '>=18'}
    cpu: [s390x]
    os: [linux]

  '@esbuild/linux-x64@0.23.0':
    resolution: {integrity: sha512-a3pMQhUEJkITgAw6e0bWA+F+vFtCciMjW/LPtoj99MhVt+Mfb6bbL9hu2wmTZgNd994qTAEw+U/r6k3qHWWaOQ==}
    engines: {node: '>=18'}
    cpu: [x64]
    os: [linux]

  '@esbuild/netbsd-x64@0.23.0':
    resolution: {integrity: sha512-cRK+YDem7lFTs2Q5nEv/HHc4LnrfBCbH5+JHu6wm2eP+d8OZNoSMYgPZJq78vqQ9g+9+nMuIsAO7skzphRXHyw==}
    engines: {node: '>=18'}
    cpu: [x64]
    os: [netbsd]

  '@esbuild/openbsd-arm64@0.23.0':
    resolution: {integrity: sha512-suXjq53gERueVWu0OKxzWqk7NxiUWSUlrxoZK7usiF50C6ipColGR5qie2496iKGYNLhDZkPxBI3erbnYkU0rQ==}
    engines: {node: '>=18'}
    cpu: [arm64]
    os: [openbsd]

  '@esbuild/openbsd-x64@0.23.0':
    resolution: {integrity: sha512-6p3nHpby0DM/v15IFKMjAaayFhqnXV52aEmv1whZHX56pdkK+MEaLoQWj+H42ssFarP1PcomVhbsR4pkz09qBg==}
    engines: {node: '>=18'}
    cpu: [x64]
    os: [openbsd]

  '@esbuild/sunos-x64@0.23.0':
    resolution: {integrity: sha512-BFelBGfrBwk6LVrmFzCq1u1dZbG4zy/Kp93w2+y83Q5UGYF1d8sCzeLI9NXjKyujjBBniQa8R8PzLFAUrSM9OA==}
    engines: {node: '>=18'}
    cpu: [x64]
    os: [sunos]

  '@esbuild/win32-arm64@0.23.0':
    resolution: {integrity: sha512-lY6AC8p4Cnb7xYHuIxQ6iYPe6MfO2CC43XXKo9nBXDb35krYt7KGhQnOkRGar5psxYkircpCqfbNDB4uJbS2jQ==}
    engines: {node: '>=18'}
    cpu: [arm64]
    os: [win32]

  '@esbuild/win32-ia32@0.23.0':
    resolution: {integrity: sha512-7L1bHlOTcO4ByvI7OXVI5pNN6HSu6pUQq9yodga8izeuB1KcT2UkHaH6118QJwopExPn0rMHIseCTx1CRo/uNA==}
    engines: {node: '>=18'}
    cpu: [ia32]
    os: [win32]

  '@esbuild/win32-x64@0.23.0':
    resolution: {integrity: sha512-Arm+WgUFLUATuoxCJcahGuk6Yj9Pzxd6l11Zb/2aAuv5kWWvvfhLFo2fni4uSK5vzlUdCGZ/BdV5tH8klj8p8g==}
    engines: {node: '>=18'}
    cpu: [x64]
    os: [win32]

  '@jimp/core@1.1.2':
    resolution: {integrity: sha512-V6qoyFlC/OQlHo2q9+S0TSj8b9QqD0NRbWfY4KTnCsNohexms3/aQA2elMCVyU53fUm8b6J7k7dWqDmLswjL7w==}

  '@jimp/diff@1.1.2':
    resolution: {integrity: sha512-KEbSBkY91lVZAPO7gwN8735MSgBwrJJlG51No9st7x0IZ2SmuTDDusWb8Y9kddgI1ZwMn1gxg5RH79L5je01Yw==}

  '@jimp/file-ops@1.1.2':
    resolution: {integrity: sha512-TppjFM9qPHPuuwF64qsJ4C3qDa+dCZwi0qvP32TSYQAmRfgo3cT49V42FjXdLJSDWdn7l075YZ1SKeIyDNKQng==}

  '@jimp/js-bmp@1.1.2':
    resolution: {integrity: sha512-azvCNUSZ93E/e6hlZK9JB5uJZWOT6UBYLg2sv4GbECsw7qWwvi6s9eUJ//vcJ31m2ZejN5mOMyzCTUVCSYpLsQ==}

  '@jimp/js-gif@1.1.2':
    resolution: {integrity: sha512-k/McVPBPyx7AzbdDZvdV34hLm+W30H3es22dyU5ix47b13lzeDB3U03gce2WIyYN6FtWUsuu4hZxLwO2G0j2eg==}

  '@jimp/js-jpeg@1.1.2':
    resolution: {integrity: sha512-nbYYRt+2fekNKuwua9NwwjH4YzyNo/t9opDWnzCug7ZQhlDRdngryddlbRwTxuhYMfQE8stWgOVt/w2o3gJGmw==}

  '@jimp/js-png@1.1.2':
    resolution: {integrity: sha512-7Tdb5JRYD3eDOlBFH9KXckwrR/2r7kyiKdLQkINMN/7tkj3t4lq+dYWKjORCcayObjAmDJyL+HJikySTrb+Htg==}

  '@jimp/js-tiff@1.1.2':
    resolution: {integrity: sha512-BVaEz2sOxwCvfwYmuu1F1Ht5ZxN5XaOK/dDHAq8LFBOL/1lx/Bz6Y7TdGVpRNEXiOmB5yRqAiqhPGxuvLgPXfg==}

  '@jimp/plugin-blit@1.1.2':
    resolution: {integrity: sha512-gfsTFG7ndqik0MjWw1jwOuILtkUzY8UKiwIkfjRD4sDuZmuGvaN+6IrTL4+1mEOH9P6mjsNxTJ2xmG6pV9NRwg==}

  '@jimp/plugin-blur@1.1.2':
    resolution: {integrity: sha512-AT5bMtLfv/0jrOm4jo7zidBz0umUVC1QVHKk4azy5JeUHmQAKdVCUX5WQAUgnAIW+duy33DsQ4H5kKiWceUsiw==}

  '@jimp/plugin-circle@1.1.2':
    resolution: {integrity: sha512-XHub2I4LDPxzUjUy06+yvmWoDqfT7W6cXXG8AGNoUFd3f9WBUmUj/+Vmr020MNG6opEMffLtjeGKzDF3P4toSg==}

  '@jimp/plugin-color@1.1.2':
    resolution: {integrity: sha512-mQ4EahCgjptFWk0FwLIZwhNidBhOFn8ZvDMR7gmuH9ivCk2X9RXBLGTTnbkZ35tG9Vkau3maZgY6NzUyycYEWQ==}

  '@jimp/plugin-contain@1.1.2':
    resolution: {integrity: sha512-oozLaHaoCe70AsT9Yh2yVTNvWfhh9Br5iIwMoCmNKro7ZUtio4N70LGmYeLLmQlt0mJLTQy32oX5UtZfY8I4gg==}

  '@jimp/plugin-cover@1.1.2':
    resolution: {integrity: sha512-HcYz3E8FtwBUHXhnobYvWeW3mbT72Jc0fQj1+z3J6qnuMeVR419EW5+l6ye4fx76KRyAQE6cOwTFWr+WDrfazw==}

  '@jimp/plugin-crop@1.1.2':
    resolution: {integrity: sha512-bUbpQLS80g898tU0k5Eiyt8WbYyyQ2Wb1nCRVRsDKXzHaIxOttZ4e+wsTkY8gYkWyCtwb1ETvwem8Z+MCn4XXQ==}

  '@jimp/plugin-displace@1.1.2':
    resolution: {integrity: sha512-m91UzcAeoXFDKbLmaOHNSNh4t+aVEHKRzFUOYDXO0pG82pMYdLZtBqyGXEdNUOqNVsE0detSrk91mizxkcNZ/w==}

  '@jimp/plugin-dither@1.1.2':
    resolution: {integrity: sha512-GM4BVLxpIu2D3Lve8HuipKmbQp1FX+3V2RxTF5ZYjtVJ9E+fbfz76UJE/oMRpHaa0iXdMxmpdZUIy/OfhRqjuw==}

  '@jimp/plugin-fisheye@1.1.2':
    resolution: {integrity: sha512-w0obyApDpSF8UXFjV5+tTeZtj7GgUOnJ8r5I92aoaWoTr2CvZI0Hzuv6fgxILXzyN4JxT4rXbtJwl5Yd1erWLA==}

  '@jimp/plugin-flip@1.1.2':
    resolution: {integrity: sha512-xahqNwmH5HLVJ8TDlDtkA2xGgqIlzzyEzQy99HFx7CDbMlMKnbxUYvmomqFV47xVksa64uIHsIt0UuBaxxLVhg==}

  '@jimp/plugin-hash@1.1.2':
    resolution: {integrity: sha512-ppPCOyK/bki9SVgPxYDXXvUyd4JA2YWIwVw6Zc13EDnXHTItnzQDCoTwRkvnyHMMyQ/DzXWHhUWvKlLgi4ShxA==}

  '@jimp/plugin-mask@1.1.2':
    resolution: {integrity: sha512-aFY160Wxf0zoHphCpHHMAkMUIYOtzHrS0vgo8HZtE0CfsRjp9Kym6hEXO0kn0yqUYi0ri/sFE+STpNCDP5CsOg==}

  '@jimp/plugin-print@1.1.2':
    resolution: {integrity: sha512-GBAO66TsVDiLo4b++fFRLxwHbYZ+F1UMqOnJkBcFlTyDR1zGln2xTRPd0kLQu6x47PmGAtEJuT1RUfe+aSiOdA==}

  '@jimp/plugin-quantize@1.1.2':
    resolution: {integrity: sha512-hEK9K2m+cA3O0S68lHrG1IgQdD864v2QbYC/i+/BX6HEXyL6GuLLjhuxeubakeYQ2qLBUc9LyvcGe+LJRRQ2vw==}

  '@jimp/plugin-resize@1.1.2':
    resolution: {integrity: sha512-1Wkgt49IDYKSO/6dQPW9+3zLsqLVMfC9SGezPY/8+fgR4K+BYbRPyDqZ9Fo/ixa00YwapANHc07tY8pfc93nfw==}

  '@jimp/plugin-rotate@1.1.2':
    resolution: {integrity: sha512-e4aM7UAZDCMQrS7+oNpcRwm6Pday1tBC4pfD3E9+FZ8SopWCDHtHrZkQx3uC0i0S032Bsg0UGnUwJzWqWYToQg==}

  '@jimp/plugin-threshold@1.1.2':
    resolution: {integrity: sha512-Z5Cki5gW8Xxw1rcHmVh67CQdgT2zjMH71WcO2p+/lLpjx+Za28l0t7wqmsWfOsvZCE41spU5+OumI8k55auJOA==}

  '@jimp/types@1.1.2':
    resolution: {integrity: sha512-Kte/cqpn3irTYlFuVNRSa7h6yLxqjdy0TRpayefg0I7Nk+M+GMtHA6v7Hrsj2S+xfrshjx6bt21lE0jcj7U6vw==}

  '@jimp/utils@1.1.2':
    resolution: {integrity: sha512-PEB+Rpz69YdmciqFm7GnNqPJg0o7Lb//2GaO7vxEU9uVOvOoqBLui1teDGJ8XkGNPPKsKMIBTXY7kW0Nf4RuaA==}

  '@tokenizer/token@0.3.0':
    resolution: {integrity: sha512-OvjF+z51L3ov0OyAU0duzsYuvO01PH7x4t6DJx+guahgTnBHkhJdG7soQeTSFLWN3efnHyibZ4Z8l2EuWwJN3A==}

  '@types/node@16.9.1':
    resolution: {integrity: sha512-QpLcX9ZSsq3YYUUnD3nFDY8H7wctAhQj/TFKL8Ya8v5fMm3CFXxo8zStsLAl780ltoYoo1WvKUVGBQK+1ifr7g==}

  '@types/node@22.4.1':
    resolution: {integrity: sha512-1tbpb9325+gPnKK0dMm+/LMriX0vKxf6RnB0SZUqfyVkQ4fMgUSySqhxE/y8Jvs4NyF1yHzTfG9KlnkIODxPKg==}

  any-base@1.1.0:
    resolution: {integrity: sha512-uMgjozySS8adZZYePpaWs8cxB9/kdzmpX6SgJZ+wbz1K5eYk5QMYDVJaZKhxyIHUdnnJkfR7SVgStgH7LkGUyg==}

  await-to-js@3.0.0:
    resolution: {integrity: sha512-zJAaP9zxTcvTHRlejau3ZOY4V7SRpiByf3/dxx2uyKxxor19tpmpV2QRsTKikckwhaPmr2dVpxxMr7jOCYVp5g==}
    engines: {node: '>=6.0.0'}

  bmp-ts@1.0.9:
    resolution: {integrity: sha512-cTEHk2jLrPyi+12M3dhpEbnnPOsaZuq7C45ylbbQIiWgDFZq4UVYPEY5mlqjvsj/6gJv9qX5sa+ebDzLXT28Vw==}

  commander@12.1.0:
    resolution: {integrity: sha512-Vw8qHK3bZM9y/P10u3Vib8o/DdkvA2OtPtZvD871QKjy74Wj1WSKFILMPRPSdUSx5RFK1arlJzEtA4PkFgnbuA==}
    engines: {node: '>=18'}

  esbuild@0.23.0:
    resolution: {integrity: sha512-1lvV17H2bMYda/WaFb2jLPeHU3zml2k4/yagNMG8Q/YtfMjCwEUZa2eXXMgZTVSL5q1n4H7sQ0X6CdJDqqeCFA==}
    engines: {node: '>=18'}
    hasBin: true

  exif-parser@0.1.12:
    resolution: {integrity: sha512-c2bQfLNbMzLPmzQuOr8fy0csy84WmwnER81W88DzTp9CYNPJ6yzOj2EZAh9pywYpqHnshVLHQJ8WzldAyfY+Iw==}

  file-type@16.5.4:
    resolution: {integrity: sha512-/yFHK0aGjFEgDJjEKP0pWCplsPFPhwyfwevf/pVxiN0tmE4L9LmwWxWukdJSHdoCli4VgQLehjJtwQBnqmsKcw==}
    engines: {node: '>=10'}

  fsevents@2.3.3:
    resolution: {integrity: sha512-5xoDfX+fL7faATnagmWPpbFtwh/R77WmMMqqHGS65C3vvB0YHrgF+B1YmZ3441tMj5n63k0212XNoJwzlhffQw==}
    engines: {node: ^8.16.0 || ^10.6.0 || >=11.0.0}
    os: [darwin]

  get-tsconfig@4.7.6:
    resolution: {integrity: sha512-ZAqrLlu18NbDdRaHq+AKXzAmqIUPswPWKUchfytdAjiRFnCe5ojG2bstg6mRiZabkKfCoL/e98pbBELIV/YCeA==}

  gifwrap@0.10.1:
    resolution: {integrity: sha512-2760b1vpJHNmLzZ/ubTtNnEx5WApN/PYWJvXvgS+tL1egTTthayFYIQQNi136FLEDcN/IyEY2EcGpIITD6eYUw==}

  ieee754@1.2.1:
    resolution: {integrity: sha512-dcyqhDvX1C46lXZcVqCpK+FtMRQVdIMN6/Df5js2zouUsqG7I6sFxitIC+7KYK29KdXOLHdu9zL4sFnoVQnqaA==}

  image-q@4.0.0:
    resolution: {integrity: sha512-PfJGVgIfKQJuq3s0tTDOKtztksibuUEbJQIYT3by6wctQo+Rdlh7ef4evJ5NCdxY4CfMbvFkocEwbl4BF8RlJw==}

  inherits@2.0.4:
    resolution: {integrity: sha512-k/vGaX4/Yla3WzyMCvTQOXYeIHvqOKtnqBduzTHpzpQZzAskKMhZ2K+EnBiSM9zGSoIFeMpXKxa4dYeZIQqewQ==}

  jimp@1.1.2:
    resolution: {integrity: sha512-KChxgTiI5OOopS/pnKQVE5/uLHwnXWQzTZ1B7CYpkrnyGYbghETeeUasRDLmoU2DYVzoFHfgwJqBIP40Az59xg==}

  jpeg-js@0.4.4:
    resolution: {integrity: sha512-WZzeDOEtTOBK4Mdsar0IqEU5sMr3vSV2RqkAIzUEV2BHnUfKGyswWFPFwK5EeDo93K3FohSHbLAjj0s1Wzd+dg==}

  mime@3.0.0:
    resolution: {integrity: sha512-jSCU7/VB1loIWBZe14aEYHU/+1UMEHoaO7qxCOVJOw9GgH72VAWppxNcjU+x9a2k3GSIBXNKxXQFqRvvZ7vr3A==}
    engines: {node: '>=10.0.0'}
    hasBin: true

  omggif@1.0.10:
    resolution: {integrity: sha512-LMJTtvgc/nugXj0Vcrrs68Mn2D1r0zf630VNtqtpI1FEO7e+O9FP4gqs9AcnBaSEeoHIPm28u6qgPR0oyEpGSw==}

  pako@1.0.11:
    resolution: {integrity: sha512-4hLB8Py4zZce5s4yd9XzopqwVv/yGNhV1Bl8NTmCq1763HeK2+EwVTv+leGeL13Dnh2wfbqowVPXCIO0z4taYw==}

  parse-bmfont-ascii@1.0.6:
    resolution: {integrity: sha512-U4RrVsUFCleIOBsIGYOMKjn9PavsGOXxbvYGtMOEfnId0SVNsgehXh1DxUdVPLoxd5mvcEtvmKs2Mmf0Mpa1ZA==}

  parse-bmfont-binary@1.0.6:
    resolution: {integrity: sha512-GxmsRea0wdGdYthjuUeWTMWPqm2+FAd4GI8vCvhgJsFnoGhTrLhXDDupwTo7rXVAgaLIGoVHDZS9p/5XbSqeWA==}

  parse-bmfont-xml@1.1.6:
    resolution: {integrity: sha512-0cEliVMZEhrFDwMh4SxIyVJpqYoOWDJ9P895tFuS+XuNzI5UBmBk5U5O4KuJdTnZpSBI4LFA2+ZiJaiwfSwlMA==}

  peek-readable@4.1.0:
    resolution: {integrity: sha512-ZI3LnwUv5nOGbQzD9c2iDG6toheuXSZP5esSHBjopsXH4dg19soufvpUGA3uohi5anFtGb2lhAVdHzH6R/Evvg==}
    engines: {node: '>=8'}

  pixelmatch@5.3.0:
    resolution: {integrity: sha512-o8mkY4E/+LNUf6LzX96ht6k6CEDi65k9G2rjMtBe9Oo+VPKSvl+0GKHuH/AlG+GA5LPG/i5hrekkxUc3s2HU+Q==}
    hasBin: true

  pngjs@6.0.0:
    resolution: {integrity: sha512-TRzzuFRRmEoSW/p1KVAmiOgPco2Irlah+bGFCeNfJXxxYGwSw7YwAOAcd7X28K/m5bjBWKsC29KyoMfHbypayg==}
    engines: {node: '>=12.13.0'}

  pngjs@7.0.0:
    resolution: {integrity: sha512-LKWqWJRhstyYo9pGvgor/ivk2w94eSjE3RGVuzLGlr3NmD8bf7RcYGze1mNdEHRP6TRP6rMuDHk5t44hnTRyow==}
    engines: {node: '>=14.19.0'}

  readable-stream@3.6.2:
    resolution: {integrity: sha512-9u/sniCrY3D5WdsERHzHE4G2YCXqoG5FTHUiCC4SIbr6XcLZBY05ya9EKjYek9O5xOAwjGq+1JdGBAS7Q9ScoA==}
    engines: {node: '>= 6'}

  readable-web-to-node-stream@3.0.2:
    resolution: {integrity: sha512-ePeK6cc1EcKLEhJFt/AebMCLL+GgSKhuygrZ/GLaKZYEecIgIECf4UaUuaByiGtzckwR4ain9VzUh95T1exYGw==}
    engines: {node: '>=8'}

  resolve-pkg-maps@1.0.0:
    resolution: {integrity: sha512-seS2Tj26TBVOC2NIc2rOe2y2ZO7efxITtLZcGSOnHHNOQ7CkiUBfw0Iw2ck6xkIhPwLhKNLS8BO+hEpngQlqzw==}

  safe-buffer@5.2.1:
    resolution: {integrity: sha512-rp3So07KcdmmKbGvgaNxQSJr7bGVSVk5S9Eq1F+ppbRo70+YeaDxkw5Dd8NPN+GD6bjnYm2VuPuCXmpuYvmCXQ==}

  sax@1.4.1:
    resolution: {integrity: sha512-+aWOz7yVScEGoKNd4PA10LZ8sk0A/z5+nXQG5giUO5rprX9jgYsTdov9qCchZiPIZezbZH+jRut8nPodFAX4Jg==}

  string_decoder@1.3.0:
    resolution: {integrity: sha512-hkRX8U1WjJFd8LsDJ2yQ/wWWxaopEsABU1XfkM8A+j0+85JAGppt16cr1Whg6KIbb4okU6Mql6BOj+uup/wKeA==}

  strtok3@6.3.0:
    resolution: {integrity: sha512-fZtbhtvI9I48xDSywd/somNqgUHl2L2cstmXCCif0itOf96jeW18MBSyrLuNicYQVkvpOxkZtkzujiTJ9LW5Jw==}
    engines: {node: '>=10'}

  tinycolor2@1.6.0:
    resolution: {integrity: sha512-XPaBkWQJdsf3pLKJV9p4qN/S+fm2Oj8AIPo1BTUhg5oxkvm9+SVEGFdhyOz7tTdUTfvxMiAs4sp6/eZO2Ew+pw==}

  token-types@4.2.1:
    resolution: {integrity: sha512-6udB24Q737UD/SDsKAHI9FCRP7Bqc9D/MQUV02ORQg5iskjtLJlZJNdN4kKtcdtwCeWIwIHDGaUsTsCCAa8sFQ==}
    engines: {node: '>=10'}

  tsx@4.17.0:
    resolution: {integrity: sha512-eN4mnDA5UMKDt4YZixo9tBioibaMBpoxBkD+rIPAjVmYERSG0/dWEY1CEFuV89CgASlKL499q8AhmkMnnjtOJg==}
    engines: {node: '>=18.0.0'}
    hasBin: true

  typescript@5.5.4:
    resolution: {integrity: sha512-Mtq29sKDAEYP7aljRgtPOpTvOfbwRWlS6dPRzwjdE+C0R4brX/GUyhHSecbHMFLNBLcJIPt9nl9yG5TZ1weH+Q==}
    engines: {node: '>=14.17'}
    hasBin: true

  undici-types@6.19.6:
    resolution: {integrity: sha512-e/vggGopEfTKSvj4ihnOLTsqhrKRN3LeO6qSN/GxohhuRv8qH9bNQ4B8W7e/vFL+0XTnmHPB4/kegunZGA4Org==}

  utif2@4.1.0:
    resolution: {integrity: sha512-+oknB9FHrJ7oW7A2WZYajOcv4FcDR4CfoGB0dPNfxbi4GO05RRnFmt5oa23+9w32EanrYcSJWspUiJkLMs+37w==}

  util-deprecate@1.0.2:
    resolution: {integrity: sha512-EPD5q1uXyFxJpCrLnCc1nHnq3gOa6DZBocAIiI2TaSCA7VCJ1UJDMagCzIkXNsUYfD1daK//LTEQ8xiIbrHtcw==}

  xml-parse-from-string@1.0.1:
    resolution: {integrity: sha512-ErcKwJTF54uRzzNMXq2X5sMIy88zJvfN2DmdoQvy7PAFJ+tPRU6ydWuOKNMyfmOjdyBQTFREi60s0Y0SyI0G0g==}

  xml2js@0.5.0:
    resolution: {integrity: sha512-drPFnkQJik/O+uPKpqSgr22mpuFHqKdbS835iAQrUC73L2F5WkboIRd63ai/2Yg6I1jzifPFKH2NTK+cfglkIA==}
    engines: {node: '>=4.0.0'}

  xmlbuilder@11.0.1:
    resolution: {integrity: sha512-fDlsI/kFEx7gLvbecc0/ohLG50fugQp8ryHzMTuW9vSa1GJ0XYWKnhsUx7oie3G98+r56aTQIUB4kht42R3JvA==}
    engines: {node: '>=4.0'}

  zod@3.23.8:
    resolution: {integrity: sha512-XBx9AXhXktjUqnepgTiE5flcKIYWi/rme0Eaj+5Y0lftuGBq+jyRu/md4WnuxqgP1ubdpNCsYEYPxrzVHD8d6g==}

snapshots:

  '@esbuild/aix-ppc64@0.23.0':
    optional: true

  '@esbuild/android-arm64@0.23.0':
    optional: true

  '@esbuild/android-arm@0.23.0':
    optional: true

  '@esbuild/android-x64@0.23.0':
    optional: true

  '@esbuild/darwin-arm64@0.23.0':
    optional: true

  '@esbuild/darwin-x64@0.23.0':
    optional: true

  '@esbuild/freebsd-arm64@0.23.0':
    optional: true

  '@esbuild/freebsd-x64@0.23.0':
    optional: true

  '@esbuild/linux-arm64@0.23.0':
    optional: true

  '@esbuild/linux-arm@0.23.0':
    optional: true

  '@esbuild/linux-ia32@0.23.0':
    optional: true

  '@esbuild/linux-loong64@0.23.0':
    optional: true

  '@esbuild/linux-mips64el@0.23.0':
    optional: true

  '@esbuild/linux-ppc64@0.23.0':
    optional: true

  '@esbuild/linux-riscv64@0.23.0':
    optional: true

  '@esbuild/linux-s390x@0.23.0':
    optional: true

  '@esbuild/linux-x64@0.23.0':
    optional: true

  '@esbuild/netbsd-x64@0.23.0':
    optional: true

  '@esbuild/openbsd-arm64@0.23.0':
    optional: true

  '@esbuild/openbsd-x64@0.23.0':
    optional: true

  '@esbuild/sunos-x64@0.23.0':
    optional: true

  '@esbuild/win32-arm64@0.23.0':
    optional: true

  '@esbuild/win32-ia32@0.23.0':
    optional: true

  '@esbuild/win32-x64@0.23.0':
    optional: true

  '@jimp/core@1.1.2':
    dependencies:
      '@jimp/file-ops': 1.1.2
      '@jimp/types': 1.1.2
      '@jimp/utils': 1.1.2
      await-to-js: 3.0.0
      exif-parser: 0.1.12
      file-type: 16.5.4
      mime: 3.0.0

  '@jimp/diff@1.1.2':
    dependencies:
      '@jimp/plugin-resize': 1.1.2
      '@jimp/types': 1.1.2
      '@jimp/utils': 1.1.2
      pixelmatch: 5.3.0

  '@jimp/file-ops@1.1.2': {}

  '@jimp/js-bmp@1.1.2':
    dependencies:
      '@jimp/core': 1.1.2
      '@jimp/types': 1.1.2
      '@jimp/utils': 1.1.2
      bmp-ts: 1.0.9

  '@jimp/js-gif@1.1.2':
    dependencies:
      '@jimp/core': 1.1.2
      '@jimp/types': 1.1.2
      gifwrap: 0.10.1
      omggif: 1.0.10

  '@jimp/js-jpeg@1.1.2':
    dependencies:
      '@jimp/core': 1.1.2
      '@jimp/types': 1.1.2
      jpeg-js: 0.4.4

  '@jimp/js-png@1.1.2':
    dependencies:
      '@jimp/core': 1.1.2
      '@jimp/types': 1.1.2
      pngjs: 7.0.0

  '@jimp/js-tiff@1.1.2':
    dependencies:
      '@jimp/core': 1.1.2
      '@jimp/types': 1.1.2
      utif2: 4.1.0

  '@jimp/plugin-blit@1.1.2':
    dependencies:
      '@jimp/types': 1.1.2
      '@jimp/utils': 1.1.2
      zod: 3.23.8

  '@jimp/plugin-blur@1.1.2':
    dependencies:
      '@jimp/core': 1.1.2
      '@jimp/utils': 1.1.2

  '@jimp/plugin-circle@1.1.2':
    dependencies:
      '@jimp/types': 1.1.2
      zod: 3.23.8

  '@jimp/plugin-color@1.1.2':
    dependencies:
      '@jimp/core': 1.1.2
      '@jimp/types': 1.1.2
      '@jimp/utils': 1.1.2
      tinycolor2: 1.6.0
      zod: 3.23.8

  '@jimp/plugin-contain@1.1.2':
    dependencies:
      '@jimp/core': 1.1.2
      '@jimp/plugin-blit': 1.1.2
      '@jimp/plugin-resize': 1.1.2
      '@jimp/types': 1.1.2
      '@jimp/utils': 1.1.2
      zod: 3.23.8

  '@jimp/plugin-cover@1.1.2':
    dependencies:
      '@jimp/core': 1.1.2
      '@jimp/plugin-crop': 1.1.2
      '@jimp/plugin-resize': 1.1.2
      '@jimp/types': 1.1.2
      zod: 3.23.8

  '@jimp/plugin-crop@1.1.2':
    dependencies:
      '@jimp/core': 1.1.2
      '@jimp/types': 1.1.2
      '@jimp/utils': 1.1.2
      zod: 3.23.8

  '@jimp/plugin-displace@1.1.2':
    dependencies:
      '@jimp/types': 1.1.2
      '@jimp/utils': 1.1.2
      zod: 3.23.8

  '@jimp/plugin-dither@1.1.2':
    dependencies:
      '@jimp/types': 1.1.2

  '@jimp/plugin-fisheye@1.1.2':
    dependencies:
      '@jimp/types': 1.1.2
      '@jimp/utils': 1.1.2
      zod: 3.23.8

  '@jimp/plugin-flip@1.1.2':
    dependencies:
      '@jimp/types': 1.1.2
      zod: 3.23.8

  '@jimp/plugin-hash@1.1.2':
    dependencies:
      '@jimp/core': 1.1.2
      '@jimp/js-bmp': 1.1.2
      '@jimp/js-jpeg': 1.1.2
      '@jimp/js-png': 1.1.2
      '@jimp/js-tiff': 1.1.2
      '@jimp/plugin-color': 1.1.2
      '@jimp/plugin-resize': 1.1.2
      '@jimp/types': 1.1.2
      '@jimp/utils': 1.1.2
      any-base: 1.1.0

  '@jimp/plugin-mask@1.1.2':
    dependencies:
      '@jimp/types': 1.1.2
      zod: 3.23.8

  '@jimp/plugin-print@1.1.2':
    dependencies:
      '@jimp/core': 1.1.2
      '@jimp/js-jpeg': 1.1.2
      '@jimp/js-png': 1.1.2
      '@jimp/plugin-blit': 1.1.2
      '@jimp/types': 1.1.2
      parse-bmfont-ascii: 1.0.6
      parse-bmfont-binary: 1.0.6
      parse-bmfont-xml: 1.1.6
      zod: 3.23.8

  '@jimp/plugin-quantize@1.1.2':
    dependencies:
      image-q: 4.0.0
      zod: 3.23.8

  '@jimp/plugin-resize@1.1.2':
    dependencies:
      '@jimp/core': 1.1.2
      '@jimp/types': 1.1.2
      zod: 3.23.8

  '@jimp/plugin-rotate@1.1.2':
    dependencies:
      '@jimp/core': 1.1.2
      '@jimp/plugin-crop': 1.1.2
      '@jimp/plugin-resize': 1.1.2
      '@jimp/types': 1.1.2
      '@jimp/utils': 1.1.2
      zod: 3.23.8

  '@jimp/plugin-threshold@1.1.2':
    dependencies:
      '@jimp/core': 1.1.2
      '@jimp/plugin-color': 1.1.2
      '@jimp/plugin-hash': 1.1.2
      '@jimp/types': 1.1.2
      '@jimp/utils': 1.1.2
      zod: 3.23.8

  '@jimp/types@1.1.2':
    dependencies:
      zod: 3.23.8

  '@jimp/utils@1.1.2':
    dependencies:
      '@jimp/types': 1.1.2
      tinycolor2: 1.6.0

  '@tokenizer/token@0.3.0': {}

  '@types/node@16.9.1': {}

  '@types/node@22.4.1':
    dependencies:
      undici-types: 6.19.6

  any-base@1.1.0: {}

  await-to-js@3.0.0: {}

  bmp-ts@1.0.9: {}

  commander@12.1.0: {}

  esbuild@0.23.0:
    optionalDependencies:
      '@esbuild/aix-ppc64': 0.23.0
      '@esbuild/android-arm': 0.23.0
      '@esbuild/android-arm64': 0.23.0
      '@esbuild/android-x64': 0.23.0
      '@esbuild/darwin-arm64': 0.23.0
      '@esbuild/darwin-x64': 0.23.0
      '@esbuild/freebsd-arm64': 0.23.0
      '@esbuild/freebsd-x64': 0.23.0
      '@esbuild/linux-arm': 0.23.0
      '@esbuild/linux-arm64': 0.23.0
      '@esbuild/linux-ia32': 0.23.0
      '@esbuild/linux-loong64': 0.23.0
      '@esbuild/linux-mips64el': 0.23.0
      '@esbuild/linux-ppc64': 0.23.0
      '@esbuild/linux-riscv64': 0.23.0
      '@esbuild/linux-s390x': 0.23.0
      '@esbuild/linux-x64': 0.23.0
      '@esbuild/netbsd-x64': 0.23.0
      '@esbuild/openbsd-arm64': 0.23.0
      '@esbuild/openbsd-x64': 0.23.0
      '@esbuild/sunos-x64': 0.23.0
      '@esbuild/win32-arm64': 0.23.0
      '@esbuild/win32-ia32': 0.23.0
      '@esbuild/win32-x64': 0.23.0

  exif-parser@0.1.12: {}

  file-type@16.5.4:
    dependencies:
      readable-web-to-node-stream: 3.0.2
      strtok3: 6.3.0
      token-types: 4.2.1

  fsevents@2.3.3:
    optional: true

  get-tsconfig@4.7.6:
    dependencies:
      resolve-pkg-maps: 1.0.0

  gifwrap@0.10.1:
    dependencies:
      image-q: 4.0.0
      omggif: 1.0.10

  ieee754@1.2.1: {}

  image-q@4.0.0:
    dependencies:
      '@types/node': 16.9.1

  inherits@2.0.4: {}

  jimp@1.1.2:
    dependencies:
      '@jimp/core': 1.1.2
      '@jimp/diff': 1.1.2
      '@jimp/js-bmp': 1.1.2
      '@jimp/js-gif': 1.1.2
      '@jimp/js-jpeg': 1.1.2
      '@jimp/js-png': 1.1.2
      '@jimp/js-tiff': 1.1.2
      '@jimp/plugin-blit': 1.1.2
      '@jimp/plugin-blur': 1.1.2
      '@jimp/plugin-circle': 1.1.2
      '@jimp/plugin-color': 1.1.2
      '@jimp/plugin-contain': 1.1.2
      '@jimp/plugin-cover': 1.1.2
      '@jimp/plugin-crop': 1.1.2
      '@jimp/plugin-displace': 1.1.2
      '@jimp/plugin-dither': 1.1.2
      '@jimp/plugin-fisheye': 1.1.2
      '@jimp/plugin-flip': 1.1.2
      '@jimp/plugin-hash': 1.1.2
      '@jimp/plugin-mask': 1.1.2
      '@jimp/plugin-print': 1.1.2
      '@jimp/plugin-quantize': 1.1.2
      '@jimp/plugin-resize': 1.1.2
      '@jimp/plugin-rotate': 1.1.2
      '@jimp/plugin-threshold': 1.1.2
      '@jimp/types': 1.1.2
      '@jimp/utils': 1.1.2

  jpeg-js@0.4.4: {}

  mime@3.0.0: {}

  omggif@1.0.10: {}

  pako@1.0.11: {}

  parse-bmfont-ascii@1.0.6: {}

  parse-bmfont-binary@1.0.6: {}

  parse-bmfont-xml@1.1.6:
    dependencies:
      xml-parse-from-string: 1.0.1
      xml2js: 0.5.0

  peek-readable@4.1.0: {}

  pixelmatch@5.3.0:
    dependencies:
      pngjs: 6.0.0

  pngjs@6.0.0: {}

  pngjs@7.0.0: {}

  readable-stream@3.6.2:
    dependencies:
      inherits: 2.0.4
      string_decoder: 1.3.0
      util-deprecate: 1.0.2

  readable-web-to-node-stream@3.0.2:
    dependencies:
      readable-stream: 3.6.2

  resolve-pkg-maps@1.0.0: {}

  safe-buffer@5.2.1: {}

  sax@1.4.1: {}

  string_decoder@1.3.0:
    dependencies:
      safe-buffer: 5.2.1

  strtok3@6.3.0:
    dependencies:
      '@tokenizer/token': 0.3.0
      peek-readable: 4.1.0

  tinycolor2@1.6.0: {}

  token-types@4.2.1:
    dependencies:
      '@tokenizer/token': 0.3.0
      ieee754: 1.2.1

  tsx@4.17.0:
    dependencies:
      esbuild: 0.23.0
      get-tsconfig: 4.7.6
    optionalDependencies:
      fsevents: 2.3.3

  typescript@5.5.4: {}

  undici-types@6.19.6: {}

  utif2@4.1.0:
    dependencies:
      pako: 1.0.11

  util-deprecate@1.0.2: {}

  xml-parse-from-string@1.0.1: {}

  xml2js@0.5.0:
    dependencies:
      sax: 1.4.1
      xmlbuilder: 11.0.1

  xmlbuilder@11.0.1: {}

  zod@3.23.8: {}
